// !$*UTF8*$!
{
	archiveVersion = 1;
	classes = {
	};
	objectVersion = 46;
	objects = {

/* Begin PBXBuildFile section */
		4BDA4155A59641D0ACB2EBC5 /* libPods.a in Frameworks */ = {isa = PBXBuildFile; fileRef = 58952ED326DE4283A7955A4B /* libPods.a */; };
		4EAA82DBF901A83CEFCB2CE4 /* libPods-IGFastImageTests.a in Frameworks */ = {isa = PBXBuildFile; fileRef = EA18CB202AB34399807963EF /* libPods-IGFastImageTests.a */; };
		54393FFA1737A32400917DAB /* UIKit.framework in Frameworks */ = {isa = PBXBuildFile; fileRef = 54393FF91737A32400917DAB /* UIKit.framework */; };
		54393FFC1737A32400917DAB /* Foundation.framework in Frameworks */ = {isa = PBXBuildFile; fileRef = 54393FFB1737A32400917DAB /* Foundation.framework */; };
		54393FFE1737A32400917DAB /* CoreGraphics.framework in Frameworks */ = {isa = PBXBuildFile; fileRef = 54393FFD1737A32400917DAB /* CoreGraphics.framework */; };
		543940041737A32400917DAB /* InfoPlist.strings in Resources */ = {isa = PBXBuildFile; fileRef = 543940021737A32400917DAB /* InfoPlist.strings */; };
		543940061737A32400917DAB /* main.m in Sources */ = {isa = PBXBuildFile; fileRef = 543940051737A32400917DAB /* main.m */; };
		5439400A1737A32400917DAB /* IGAppDelegate.m in Sources */ = {isa = PBXBuildFile; fileRef = 543940091737A32400917DAB /* IGAppDelegate.m */; };
		5439400C1737A32400917DAB /* Default.png in Resources */ = {isa = PBXBuildFile; fileRef = 5439400B1737A32400917DAB /* Default.png */; };
		5439400E1737A32400917DAB /* Default@2x.png in Resources */ = {isa = PBXBuildFile; fileRef = 5439400D1737A32400917DAB /* Default@2x.png */; };
		543940101737A32400917DAB /* Default-568h@2x.png in Resources */ = {isa = PBXBuildFile; fileRef = 5439400F1737A32400917DAB /* Default-568h@2x.png */; };
		543940341737A36300917DAB /* IGFastImage.m in Sources */ = {isa = PBXBuildFile; fileRef = 543940331737A36300917DAB /* IGFastImage.m */; };
		543940381737A84900917DAB /* IGFastImageRequestOperation.m in Sources */ = {isa = PBXBuildFile; fileRef = 543940371737A84900917DAB /* IGFastImageRequestOperation.m */; };
		5439403C1737ADFA00917DAB /* IGFastImageHelper.m in Sources */ = {isa = PBXBuildFile; fileRef = 5439403B1737ADFA00917DAB /* IGFastImageHelper.m */; };
		54D902FD1AB02EB6005BA2ED /* test2.png in Resources */ = {isa = PBXBuildFile; fileRef = 5439405B1737E05900917DAB /* test2.png */; };
		54D902FE1AB02EB6005BA2ED /* faulty.jpg in Resources */ = {isa = PBXBuildFile; fileRef = 543940421737B00600917DAB /* faulty.jpg */; };
		54D902FF1AB02EB6005BA2ED /* test.bmp in Resources */ = {isa = PBXBuildFile; fileRef = 543940451737B00600917DAB /* test.bmp */; };
		54D903001AB02EB6005BA2ED /* test.gif in Resources */ = {isa = PBXBuildFile; fileRef = 543940461737B00600917DAB /* test.gif */; };
		54D903011AB02EB6005BA2ED /* test.ico in Resources */ = {isa = PBXBuildFile; fileRef = 543940471737B00600917DAB /* test.ico */; };
		54D903021AB02EB6005BA2ED /* test.jpg in Resources */ = {isa = PBXBuildFile; fileRef = 543940481737B00600917DAB /* test.jpg */; };
		54D903031AB02EB6005BA2ED /* test.png in Resources */ = {isa = PBXBuildFile; fileRef = 543940491737B00600917DAB /* test.png */; };
		54D903041AB02EB6005BA2ED /* test2.jpg in Resources */ = {isa = PBXBuildFile; fileRef = 5439404A1737B00600917DAB /* test2.jpg */; };
		54D903051AB02EB6005BA2ED /* test3.jpg in Resources */ = {isa = PBXBuildFile; fileRef = 5439404B1737B00600917DAB /* test3.jpg */; };
		54D903061AB02EB6005BA2ED /* test4.jpg in Resources */ = {isa = PBXBuildFile; fileRef = 54535E9617BE4A150056AB77 /* test4.jpg */; };
		54D903071AB02EBA005BA2ED /* IGFastImageHelperSpec.m in Sources */ = {isa = PBXBuildFile; fileRef = 5439403E1737AE4500917DAB /* IGFastImageHelperSpec.m */; };
		54D903081AB02EBD005BA2ED /* IGFastImageSpec.m in Sources */ = {isa = PBXBuildFile; fileRef = 543940591737C9EE00917DAB /* IGFastImageSpec.m */; };
		54D903091AB02EBD005BA2ED /* IGSpecHelper.m in Sources */ = {isa = PBXBuildFile; fileRef = 543940561737B01400917DAB /* IGSpecHelper.m */; };
		54D9030A1AB02F08005BA2ED /* CoreGraphics.framework in Frameworks */ = {isa = PBXBuildFile; fileRef = 54393FFD1737A32400917DAB /* CoreGraphics.framework */; };
		54D9030B1AB02F0C005BA2ED /* UIKit.framework in Frameworks */ = {isa = PBXBuildFile; fileRef = 54393FF91737A32400917DAB /* UIKit.framework */; };
/* End PBXBuildFile section */

/* Begin PBXContainerItemProxy section */
		54D902F81AB02E9A005BA2ED /* PBXContainerItemProxy */ = {
			isa = PBXContainerItemProxy;
			containerPortal = 54393FEE1737A32300917DAB /* Project object */;
			proxyType = 1;
			remoteGlobalIDString = 54393FF51737A32300917DAB;
			remoteInfo = IGFastImage;
		};
/* End PBXContainerItemProxy section */

/* Begin PBXFileReference section */
		54393FF61737A32400917DAB /* IGFastImage.app */ = {isa = PBXFileReference; explicitFileType = wrapper.application; includeInIndex = 0; path = IGFastImage.app; sourceTree = BUILT_PRODUCTS_DIR; };
		54393FF91737A32400917DAB /* UIKit.framework */ = {isa = PBXFileReference; lastKnownFileType = wrapper.framework; name = UIKit.framework; path = System/Library/Frameworks/UIKit.framework; sourceTree = SDKROOT; };
		54393FFB1737A32400917DAB /* Foundation.framework */ = {isa = PBXFileReference; lastKnownFileType = wrapper.framework; name = Foundation.framework; path = System/Library/Frameworks/Foundation.framework; sourceTree = SDKROOT; };
		54393FFD1737A32400917DAB /* CoreGraphics.framework */ = {isa = PBXFileReference; lastKnownFileType = wrapper.framework; name = CoreGraphics.framework; path = System/Library/Frameworks/CoreGraphics.framework; sourceTree = SDKROOT; };
		543940011737A32400917DAB /* IGFastImage-Info.plist */ = {isa = PBXFileReference; lastKnownFileType = text.plist.xml; path = "IGFastImage-Info.plist"; sourceTree = "<group>"; };
		543940031737A32400917DAB /* en */ = {isa = PBXFileReference; lastKnownFileType = text.plist.strings; name = en; path = en.lproj/InfoPlist.strings; sourceTree = "<group>"; };
		543940051737A32400917DAB /* main.m */ = {isa = PBXFileReference; lastKnownFileType = sourcecode.c.objc; path = main.m; sourceTree = "<group>"; };
		543940071737A32400917DAB /* IGFastImage-Prefix.pch */ = {isa = PBXFileReference; lastKnownFileType = sourcecode.c.h; path = "IGFastImage-Prefix.pch"; sourceTree = "<group>"; };
		543940081737A32400917DAB /* IGAppDelegate.h */ = {isa = PBXFileReference; lastKnownFileType = sourcecode.c.h; path = IGAppDelegate.h; sourceTree = "<group>"; };
		543940091737A32400917DAB /* IGAppDelegate.m */ = {isa = PBXFileReference; lastKnownFileType = sourcecode.c.objc; path = IGAppDelegate.m; sourceTree = "<group>"; };
		5439400B1737A32400917DAB /* Default.png */ = {isa = PBXFileReference; lastKnownFileType = image.png; path = Default.png; sourceTree = "<group>"; };
		5439400D1737A32400917DAB /* Default@2x.png */ = {isa = PBXFileReference; lastKnownFileType = image.png; path = "Default@2x.png"; sourceTree = "<group>"; };
		5439400F1737A32400917DAB /* Default-568h@2x.png */ = {isa = PBXFileReference; lastKnownFileType = image.png; path = "Default-568h@2x.png"; sourceTree = "<group>"; };
		543940171737A32400917DAB /* SenTestingKit.framework */ = {isa = PBXFileReference; lastKnownFileType = wrapper.framework; name = SenTestingKit.framework; path = Library/Frameworks/SenTestingKit.framework; sourceTree = DEVELOPER_DIR; };
		543940321737A36300917DAB /* IGFastImage.h */ = {isa = PBXFileReference; fileEncoding = 4; lastKnownFileType = sourcecode.c.h; name = IGFastImage.h; path = FastImage/IGFastImage.h; sourceTree = "<group>"; };
		543940331737A36300917DAB /* IGFastImage.m */ = {isa = PBXFileReference; fileEncoding = 4; lastKnownFileType = sourcecode.c.objc; name = IGFastImage.m; path = FastImage/IGFastImage.m; sourceTree = "<group>"; };
		543940361737A84900917DAB /* IGFastImageRequestOperation.h */ = {isa = PBXFileReference; fileEncoding = 4; lastKnownFileType = sourcecode.c.h; name = IGFastImageRequestOperation.h; path = FastImage/IGFastImageRequestOperation.h; sourceTree = "<group>"; };
		543940371737A84900917DAB /* IGFastImageRequestOperation.m */ = {isa = PBXFileReference; fileEncoding = 4; lastKnownFileType = sourcecode.c.objc; name = IGFastImageRequestOperation.m; path = FastImage/IGFastImageRequestOperation.m; sourceTree = "<group>"; };
		5439403A1737ADFA00917DAB /* IGFastImageHelper.h */ = {isa = PBXFileReference; fileEncoding = 4; lastKnownFileType = sourcecode.c.h; name = IGFastImageHelper.h; path = FastImage/IGFastImageHelper.h; sourceTree = "<group>"; };
		5439403B1737ADFA00917DAB /* IGFastImageHelper.m */ = {isa = PBXFileReference; fileEncoding = 4; lastKnownFileType = sourcecode.c.objc; name = IGFastImageHelper.m; path = FastImage/IGFastImageHelper.m; sourceTree = "<group>"; };
		5439403E1737AE4500917DAB /* IGFastImageHelperSpec.m */ = {isa = PBXFileReference; fileEncoding = 4; lastKnownFileType = sourcecode.c.objc; path = IGFastImageHelperSpec.m; sourceTree = "<group>"; };
		543940421737B00600917DAB /* faulty.jpg */ = {isa = PBXFileReference; lastKnownFileType = image.jpeg; path = faulty.jpg; sourceTree = "<group>"; };
		543940451737B00600917DAB /* test.bmp */ = {isa = PBXFileReference; lastKnownFileType = image.bmp; path = test.bmp; sourceTree = "<group>"; };
		543940461737B00600917DAB /* test.gif */ = {isa = PBXFileReference; lastKnownFileType = image.gif; path = test.gif; sourceTree = "<group>"; };
		543940471737B00600917DAB /* test.ico */ = {isa = PBXFileReference; lastKnownFileType = image.ico; path = test.ico; sourceTree = "<group>"; };
		543940481737B00600917DAB /* test.jpg */ = {isa = PBXFileReference; lastKnownFileType = image.jpeg; path = test.jpg; sourceTree = "<group>"; };
		543940491737B00600917DAB /* test.png */ = {isa = PBXFileReference; lastKnownFileType = image.png; path = test.png; sourceTree = "<group>"; };
		5439404A1737B00600917DAB /* test2.jpg */ = {isa = PBXFileReference; lastKnownFileType = image.jpeg; path = test2.jpg; sourceTree = "<group>"; };
		5439404B1737B00600917DAB /* test3.jpg */ = {isa = PBXFileReference; lastKnownFileType = image.jpeg; path = test3.jpg; sourceTree = "<group>"; };
		543940551737B01400917DAB /* IGSpecHelper.h */ = {isa = PBXFileReference; fileEncoding = 4; lastKnownFileType = sourcecode.c.h; path = IGSpecHelper.h; sourceTree = "<group>"; };
		543940561737B01400917DAB /* IGSpecHelper.m */ = {isa = PBXFileReference; fileEncoding = 4; lastKnownFileType = sourcecode.c.objc; path = IGSpecHelper.m; sourceTree = "<group>"; };
		543940591737C9EE00917DAB /* IGFastImageSpec.m */ = {isa = PBXFileReference; fileEncoding = 4; lastKnownFileType = sourcecode.c.objc; path = IGFastImageSpec.m; sourceTree = "<group>"; };
		5439405B1737E05900917DAB /* test2.png */ = {isa = PBXFileReference; lastKnownFileType = image.png; path = test2.png; sourceTree = "<group>"; };
		54535E9617BE4A150056AB77 /* test4.jpg */ = {isa = PBXFileReference; lastKnownFileType = image.jpeg; path = test4.jpg; sourceTree = "<group>"; };
		54D902F21AB02E9A005BA2ED /* IGFastImageTests.xctest */ = {isa = PBXFileReference; explicitFileType = wrapper.cfbundle; includeInIndex = 0; path = IGFastImageTests.xctest; sourceTree = BUILT_PRODUCTS_DIR; };
		54D902F51AB02E9A005BA2ED /* Info.plist */ = {isa = PBXFileReference; lastKnownFileType = text.plist.xml; path = Info.plist; sourceTree = "<group>"; };
		58952ED326DE4283A7955A4B /* libPods.a */ = {isa = PBXFileReference; explicitFileType = archive.ar; includeInIndex = 0; path = libPods.a; sourceTree = BUILT_PRODUCTS_DIR; };
		5C5E10047F0A3D4F27D15C49 /* Pods.release.xcconfig */ = {isa = PBXFileReference; includeInIndex = 1; lastKnownFileType = text.xcconfig; name = Pods.release.xcconfig; path = "Pods/Target Support Files/Pods/Pods.release.xcconfig"; sourceTree = "<group>"; };
		5DE33EA026C248F148D522D5 /* Pods-IGFastImageTests.debug.xcconfig */ = {isa = PBXFileReference; includeInIndex = 1; lastKnownFileType = text.xcconfig; name = "Pods-IGFastImageTests.debug.xcconfig"; path = "Pods/Target Support Files/Pods-IGFastImageTests/Pods-IGFastImageTests.debug.xcconfig"; sourceTree = "<group>"; };
		AB227CEA7BF3B537F1D63109 /* Pods.debug.xcconfig */ = {isa = PBXFileReference; includeInIndex = 1; lastKnownFileType = text.xcconfig; name = Pods.debug.xcconfig; path = "Pods/Target Support Files/Pods/Pods.debug.xcconfig"; sourceTree = "<group>"; };
		D5EC1E8AE592829096BD4413 /* Pods-IGFastImageTests.release.xcconfig */ = {isa = PBXFileReference; includeInIndex = 1; lastKnownFileType = text.xcconfig; name = "Pods-IGFastImageTests.release.xcconfig"; path = "Pods/Target Support Files/Pods-IGFastImageTests/Pods-IGFastImageTests.release.xcconfig"; sourceTree = "<group>"; };
		EA18CB202AB34399807963EF /* libPods-IGFastImageTests.a */ = {isa = PBXFileReference; explicitFileType = archive.ar; includeInIndex = 0; path = "libPods-IGFastImageTests.a"; sourceTree = BUILT_PRODUCTS_DIR; };
/* End PBXFileReference section */

/* Begin PBXFrameworksBuildPhase section */
		54393FF31737A32300917DAB /* Frameworks */ = {
			isa = PBXFrameworksBuildPhase;
			buildActionMask = 2147483647;
			files = (
				54393FFA1737A32400917DAB /* UIKit.framework in Frameworks */,
				54393FFC1737A32400917DAB /* Foundation.framework in Frameworks */,
				54393FFE1737A32400917DAB /* CoreGraphics.framework in Frameworks */,
				4BDA4155A59641D0ACB2EBC5 /* libPods.a in Frameworks */,
			);
			runOnlyForDeploymentPostprocessing = 0;
		};
		54D902EF1AB02E9A005BA2ED /* Frameworks */ = {
			isa = PBXFrameworksBuildPhase;
			buildActionMask = 2147483647;
			files = (
				54D9030B1AB02F0C005BA2ED /* UIKit.framework in Frameworks */,
				54D9030A1AB02F08005BA2ED /* CoreGraphics.framework in Frameworks */,
				4EAA82DBF901A83CEFCB2CE4 /* libPods-IGFastImageTests.a in Frameworks */,
			);
			runOnlyForDeploymentPostprocessing = 0;
		};
/* End PBXFrameworksBuildPhase section */

/* Begin PBXGroup section */
		10F2D98C160B56F82657D499 /* Pods */ = {
			isa = PBXGroup;
			children = (
				AB227CEA7BF3B537F1D63109 /* Pods.debug.xcconfig */,
				5C5E10047F0A3D4F27D15C49 /* Pods.release.xcconfig */,
				5DE33EA026C248F148D522D5 /* Pods-IGFastImageTests.debug.xcconfig */,
				D5EC1E8AE592829096BD4413 /* Pods-IGFastImageTests.release.xcconfig */,
			);
			name = Pods;
			sourceTree = "<group>";
		};
		54393FED1737A32300917DAB = {
			isa = PBXGroup;
			children = (
				54393FFF1737A32400917DAB /* IGFastImage */,
				5439401D1737A32400917DAB /* IGFastImageTests */,
				54393FF81737A32400917DAB /* Frameworks */,
				54393FF71737A32400917DAB /* Products */,
				10F2D98C160B56F82657D499 /* Pods */,
			);
			sourceTree = "<group>";
		};
		54393FF71737A32400917DAB /* Products */ = {
			isa = PBXGroup;
			children = (
				54393FF61737A32400917DAB /* IGFastImage.app */,
				54D902F21AB02E9A005BA2ED /* IGFastImageTests.xctest */,
			);
			name = Products;
			sourceTree = "<group>";
		};
		54393FF81737A32400917DAB /* Frameworks */ = {
			isa = PBXGroup;
			children = (
				54393FF91737A32400917DAB /* UIKit.framework */,
				54393FFB1737A32400917DAB /* Foundation.framework */,
				54393FFD1737A32400917DAB /* CoreGraphics.framework */,
				543940171737A32400917DAB /* SenTestingKit.framework */,
				58952ED326DE4283A7955A4B /* libPods.a */,
				EA18CB202AB34399807963EF /* libPods-IGFastImageTests.a */,
			);
			name = Frameworks;
			sourceTree = "<group>";
		};
		54393FFF1737A32400917DAB /* IGFastImage */ = {
			isa = PBXGroup;
			children = (
				5439402E1737A33800917DAB /* FastImage */,
				543940081737A32400917DAB /* IGAppDelegate.h */,
				543940091737A32400917DAB /* IGAppDelegate.m */,
				543940001737A32400917DAB /* Supporting Files */,
			);
			path = IGFastImage;
			sourceTree = "<group>";
		};
		543940001737A32400917DAB /* Supporting Files */ = {
			isa = PBXGroup;
			children = (
				543940011737A32400917DAB /* IGFastImage-Info.plist */,
				543940021737A32400917DAB /* InfoPlist.strings */,
				543940051737A32400917DAB /* main.m */,
				543940071737A32400917DAB /* IGFastImage-Prefix.pch */,
				5439400B1737A32400917DAB /* Default.png */,
				5439400D1737A32400917DAB /* Default@2x.png */,
				5439400F1737A32400917DAB /* Default-568h@2x.png */,
			);
			name = "Supporting Files";
			sourceTree = "<group>";
		};
		5439401D1737A32400917DAB /* IGFastImageTests */ = {
			isa = PBXGroup;
			children = (
				543940411737B00600917DAB /* fixtures */,
				5439401E1737A32400917DAB /* Supporting Files */,
				5439403E1737AE4500917DAB /* IGFastImageHelperSpec.m */,
				543940591737C9EE00917DAB /* IGFastImageSpec.m */,
				543940551737B01400917DAB /* IGSpecHelper.h */,
				543940561737B01400917DAB /* IGSpecHelper.m */,
			);
			path = IGFastImageTests;
			sourceTree = "<group>";
		};
		5439401E1737A32400917DAB /* Supporting Files */ = {
			isa = PBXGroup;
			children = (
				54D902F51AB02E9A005BA2ED /* Info.plist */,
			);
			name = "Supporting Files";
			sourceTree = "<group>";
		};
		5439402E1737A33800917DAB /* FastImage */ = {
			isa = PBXGroup;
			children = (
				543940321737A36300917DAB /* IGFastImage.h */,
				543940331737A36300917DAB /* IGFastImage.m */,
				543940361737A84900917DAB /* IGFastImageRequestOperation.h */,
				543940371737A84900917DAB /* IGFastImageRequestOperation.m */,
				5439403A1737ADFA00917DAB /* IGFastImageHelper.h */,
				5439403B1737ADFA00917DAB /* IGFastImageHelper.m */,
			);
			name = FastImage;
			sourceTree = "<group>";
		};
		543940411737B00600917DAB /* fixtures */ = {
			isa = PBXGroup;
			children = (
				5439405B1737E05900917DAB /* test2.png */,
				543940421737B00600917DAB /* faulty.jpg */,
				543940451737B00600917DAB /* test.bmp */,
				543940461737B00600917DAB /* test.gif */,
				543940471737B00600917DAB /* test.ico */,
				543940481737B00600917DAB /* test.jpg */,
				543940491737B00600917DAB /* test.png */,
				5439404A1737B00600917DAB /* test2.jpg */,
				5439404B1737B00600917DAB /* test3.jpg */,
				54535E9617BE4A150056AB77 /* test4.jpg */,
			);
			path = fixtures;
			sourceTree = "<group>";
		};
/* End PBXGroup section */

/* Begin PBXNativeTarget section */
		54393FF51737A32300917DAB /* IGFastImage */ = {
			isa = PBXNativeTarget;
			buildConfigurationList = 543940281737A32500917DAB /* Build configuration list for PBXNativeTarget "IGFastImage" */;
			buildPhases = (
				9D58352EE2364393A7921FB7 /* Check Pods Manifest.lock */,
				54393FF21737A32300917DAB /* Sources */,
				54393FF31737A32300917DAB /* Frameworks */,
				54393FF41737A32300917DAB /* Resources */,
				72C4A82B53424707A34FC063 /* Copy Pods Resources */,
				B0958E09CBF46A56C85B8B79 /* Embed Pods Frameworks */,
			);
			buildRules = (
			);
			dependencies = (
			);
			name = IGFastImage;
			productName = IGFastImage;
			productReference = 54393FF61737A32400917DAB /* IGFastImage.app */;
			productType = "com.apple.product-type.application";
		};
		54D902F11AB02E9A005BA2ED /* IGFastImageTests */ = {
			isa = PBXNativeTarget;
			buildConfigurationList = 54D902FA1AB02E9A005BA2ED /* Build configuration list for PBXNativeTarget "IGFastImageTests" */;
			buildPhases = (
				E841283E6637DE26EE0ED167 /* Check Pods Manifest.lock */,
				54D902EE1AB02E9A005BA2ED /* Sources */,
				54D902EF1AB02E9A005BA2ED /* Frameworks */,
				54D902F01AB02E9A005BA2ED /* Resources */,
				43FEB059C1321A21612B4580 /* Copy Pods Resources */,
				A511AF34B6010183DB91AEAF /* Embed Pods Frameworks */,
			);
			buildRules = (
			);
			dependencies = (
				54D902F91AB02E9A005BA2ED /* PBXTargetDependency */,
			);
			name = IGFastImageTests;
			productName = IGFastImageTests;
			productReference = 54D902F21AB02E9A005BA2ED /* IGFastImageTests.xctest */;
			productType = "com.apple.product-type.bundle.unit-test";
		};
/* End PBXNativeTarget section */

/* Begin PBXProject section */
		54393FEE1737A32300917DAB /* Project object */ = {
			isa = PBXProject;
			attributes = {
				CLASSPREFIX = IG;
				LastUpgradeCheck = 0460;
				ORGANIZATIONNAME = "Ignition Soft";
				TargetAttributes = {
					54D902F11AB02E9A005BA2ED = {
						CreatedOnToolsVersion = 6.1.1;
						TestTargetID = 54393FF51737A32300917DAB;
					};
				};
			};
			buildConfigurationList = 54393FF11737A32300917DAB /* Build configuration list for PBXProject "IGFastImage" */;
			compatibilityVersion = "Xcode 3.2";
			developmentRegion = English;
			hasScannedForEncodings = 0;
			knownRegions = (
				en,
			);
			mainGroup = 54393FED1737A32300917DAB;
			productRefGroup = 54393FF71737A32400917DAB /* Products */;
			projectDirPath = "";
			projectRoot = "";
			targets = (
				54393FF51737A32300917DAB /* IGFastImage */,
				54D902F11AB02E9A005BA2ED /* IGFastImageTests */,
			);
		};
/* End PBXProject section */

/* Begin PBXResourcesBuildPhase section */
		54393FF41737A32300917DAB /* Resources */ = {
			isa = PBXResourcesBuildPhase;
			buildActionMask = 2147483647;
			files = (
				543940041737A32400917DAB /* InfoPlist.strings in Resources */,
				5439400C1737A32400917DAB /* Default.png in Resources */,
				5439400E1737A32400917DAB /* Default@2x.png in Resources */,
				543940101737A32400917DAB /* Default-568h@2x.png in Resources */,
			);
			runOnlyForDeploymentPostprocessing = 0;
		};
		54D902F01AB02E9A005BA2ED /* Resources */ = {
			isa = PBXResourcesBuildPhase;
			buildActionMask = 2147483647;
			files = (
				54D903001AB02EB6005BA2ED /* test.gif in Resources */,
				54D903021AB02EB6005BA2ED /* test.jpg in Resources */,
				54D903061AB02EB6005BA2ED /* test4.jpg in Resources */,
				54D903041AB02EB6005BA2ED /* test2.jpg in Resources */,
				54D903031AB02EB6005BA2ED /* test.png in Resources */,
				54D902FF1AB02EB6005BA2ED /* test.bmp in Resources */,
				54D903011AB02EB6005BA2ED /* test.ico in Resources */,
				54D902FE1AB02EB6005BA2ED /* faulty.jpg in Resources */,
				54D902FD1AB02EB6005BA2ED /* test2.png in Resources */,
				54D903051AB02EB6005BA2ED /* test3.jpg in Resources */,
			);
			runOnlyForDeploymentPostprocessing = 0;
		};
/* End PBXResourcesBuildPhase section */

/* Begin PBXShellScriptBuildPhase section */
		43FEB059C1321A21612B4580 /* Copy Pods Resources */ = {
			isa = PBXShellScriptBuildPhase;
			buildActionMask = 2147483647;
			files = (
			);
			inputPaths = (
			);
			name = "Copy Pods Resources";
			outputPaths = (
			);
			runOnlyForDeploymentPostprocessing = 0;
			shellPath = /bin/sh;
			shellScript = "\"${SRCROOT}/Pods/Target Support Files/Pods-IGFastImageTests/Pods-IGFastImageTests-resources.sh\"\n";
			showEnvVarsInLog = 0;
		};
		72C4A82B53424707A34FC063 /* Copy Pods Resources */ = {
			isa = PBXShellScriptBuildPhase;
			buildActionMask = 2147483647;
			files = (
			);
			inputPaths = (
			);
			name = "Copy Pods Resources";
			outputPaths = (
			);
			runOnlyForDeploymentPostprocessing = 0;
			shellPath = /bin/sh;
			shellScript = "\"${SRCROOT}/Pods/Target Support Files/Pods/Pods-resources.sh\"\n";
		};
		9D58352EE2364393A7921FB7 /* Check Pods Manifest.lock */ = {
			isa = PBXShellScriptBuildPhase;
			buildActionMask = 2147483647;
			files = (
			);
			inputPaths = (
			);
			name = "Check Pods Manifest.lock";
			outputPaths = (
			);
			runOnlyForDeploymentPostprocessing = 0;
			shellPath = /bin/sh;
			shellScript = "diff \"${PODS_ROOT}/../Podfile.lock\" \"${PODS_ROOT}/Manifest.lock\" > /dev/null\nif [[ $? != 0 ]] ; then\n    cat << EOM\nerror: The sandbox is not in sync with the Podfile.lock. Run 'pod install' or update your CocoaPods installation.\nEOM\n    exit 1\nfi\n";
		};
		A511AF34B6010183DB91AEAF /* Embed Pods Frameworks */ = {
			isa = PBXShellScriptBuildPhase;
			buildActionMask = 2147483647;
			files = (
			);
			inputPaths = (
			);
			name = "Embed Pods Frameworks";
			outputPaths = (
			);
			runOnlyForDeploymentPostprocessing = 0;
			shellPath = /bin/sh;
			shellScript = "\"${SRCROOT}/Pods/Target Support Files/Pods-IGFastImageTests/Pods-IGFastImageTests-frameworks.sh\"\n";
			showEnvVarsInLog = 0;
		};
		B0958E09CBF46A56C85B8B79 /* Embed Pods Frameworks */ = {
			isa = PBXShellScriptBuildPhase;
			buildActionMask = 2147483647;
			files = (
			);
			inputPaths = (
			);
			name = "Embed Pods Frameworks";
			outputPaths = (
			);
			runOnlyForDeploymentPostprocessing = 0;
			shellPath = /bin/sh;
			shellScript = "\"${SRCROOT}/Pods/Target Support Files/Pods/Pods-frameworks.sh\"\n";
			showEnvVarsInLog = 0;
		};
		E841283E6637DE26EE0ED167 /* Check Pods Manifest.lock */ = {
			isa = PBXShellScriptBuildPhase;
			buildActionMask = 2147483647;
			files = (
			);
			inputPaths = (
			);
			name = "Check Pods Manifest.lock";
			outputPaths = (
			);
			runOnlyForDeploymentPostprocessing = 0;
			shellPath = /bin/sh;
			shellScript = "diff \"${PODS_ROOT}/../Podfile.lock\" \"${PODS_ROOT}/Manifest.lock\" > /dev/null\nif [[ $? != 0 ]] ; then\n    cat << EOM\nerror: The sandbox is not in sync with the Podfile.lock. Run 'pod install' or update your CocoaPods installation.\nEOM\n    exit 1\nfi\n";
			showEnvVarsInLog = 0;
		};
/* End PBXShellScriptBuildPhase section */

/* Begin PBXSourcesBuildPhase section */
		54393FF21737A32300917DAB /* Sources */ = {
			isa = PBXSourcesBuildPhase;
			buildActionMask = 2147483647;
			files = (
				543940061737A32400917DAB /* main.m in Sources */,
				5439400A1737A32400917DAB /* IGAppDelegate.m in Sources */,
				543940341737A36300917DAB /* IGFastImage.m in Sources */,
				543940381737A84900917DAB /* IGFastImageRequestOperation.m in Sources */,
				5439403C1737ADFA00917DAB /* IGFastImageHelper.m in Sources */,
			);
			runOnlyForDeploymentPostprocessing = 0;
		};
		54D902EE1AB02E9A005BA2ED /* Sources */ = {
			isa = PBXSourcesBuildPhase;
			buildActionMask = 2147483647;
			files = (
				54D903081AB02EBD005BA2ED /* IGFastImageSpec.m in Sources */,
				54D903071AB02EBA005BA2ED /* IGFastImageHelperSpec.m in Sources */,
				54D903091AB02EBD005BA2ED /* IGSpecHelper.m in Sources */,
			);
			runOnlyForDeploymentPostprocessing = 0;
		};
/* End PBXSourcesBuildPhase section */

/* Begin PBXTargetDependency section */
		54D902F91AB02E9A005BA2ED /* PBXTargetDependency */ = {
			isa = PBXTargetDependency;
			target = 54393FF51737A32300917DAB /* IGFastImage */;
			targetProxy = 54D902F81AB02E9A005BA2ED /* PBXContainerItemProxy */;
		};
/* End PBXTargetDependency section */

/* Begin PBXVariantGroup section */
		543940021737A32400917DAB /* InfoPlist.strings */ = {
			isa = PBXVariantGroup;
			children = (
				543940031737A32400917DAB /* en */,
			);
			name = InfoPlist.strings;
			sourceTree = "<group>";
		};
/* End PBXVariantGroup section */

/* Begin XCBuildConfiguration section */
		543940261737A32500917DAB /* Debug */ = {
			isa = XCBuildConfiguration;
			buildSettings = {
				ALWAYS_SEARCH_USER_PATHS = NO;
				CLANG_CXX_LANGUAGE_STANDARD = "gnu++0x";
				CLANG_CXX_LIBRARY = "libc++";
				CLANG_ENABLE_OBJC_ARC = YES;
				CLANG_WARN_CONSTANT_CONVERSION = YES;
				CLANG_WARN_EMPTY_BODY = YES;
				CLANG_WARN_ENUM_CONVERSION = YES;
				CLANG_WARN_INT_CONVERSION = YES;
				CLANG_WARN__DUPLICATE_METHOD_MATCH = YES;
				"CODE_SIGN_IDENTITY[sdk=iphoneos*]" = "iPhone Developer";
				COPY_PHASE_STRIP = NO;
				GCC_C_LANGUAGE_STANDARD = gnu99;
				GCC_DYNAMIC_NO_PIC = NO;
				GCC_OPTIMIZATION_LEVEL = 0;
				GCC_PREPROCESSOR_DEFINITIONS = (
					"DEBUG=1",
					"$(inherited)",
				);
				GCC_SYMBOLS_PRIVATE_EXTERN = NO;
				GCC_WARN_ABOUT_RETURN_TYPE = YES;
				GCC_WARN_UNINITIALIZED_AUTOS = YES;
				GCC_WARN_UNUSED_VARIABLE = YES;
				IPHONEOS_DEPLOYMENT_TARGET = 6.1;
				ONLY_ACTIVE_ARCH = YES;
				SDKROOT = iphoneos;
			};
			name = Debug;
		};
		543940271737A32500917DAB /* Release */ = {
			isa = XCBuildConfiguration;
			buildSettings = {
				ALWAYS_SEARCH_USER_PATHS = NO;
				CLANG_CXX_LANGUAGE_STANDARD = "gnu++0x";
				CLANG_CXX_LIBRARY = "libc++";
				CLANG_ENABLE_OBJC_ARC = YES;
				CLANG_WARN_CONSTANT_CONVERSION = YES;
				CLANG_WARN_EMPTY_BODY = YES;
				CLANG_WARN_ENUM_CONVERSION = YES;
				CLANG_WARN_INT_CONVERSION = YES;
				CLANG_WARN__DUPLICATE_METHOD_MATCH = YES;
				"CODE_SIGN_IDENTITY[sdk=iphoneos*]" = "iPhone Developer";
				COPY_PHASE_STRIP = YES;
				GCC_C_LANGUAGE_STANDARD = gnu99;
				GCC_WARN_ABOUT_RETURN_TYPE = YES;
				GCC_WARN_UNINITIALIZED_AUTOS = YES;
				GCC_WARN_UNUSED_VARIABLE = YES;
				IPHONEOS_DEPLOYMENT_TARGET = 6.1;
				OTHER_CFLAGS = "-DNS_BLOCK_ASSERTIONS=1";
				SDKROOT = iphoneos;
				VALIDATE_PRODUCT = YES;
			};
			name = Release;
		};
		543940291737A32500917DAB /* Debug */ = {
			isa = XCBuildConfiguration;
			baseConfigurationReference = AB227CEA7BF3B537F1D63109 /* Pods.debug.xcconfig */;
			buildSettings = {
				GCC_PRECOMPILE_PREFIX_HEADER = YES;
				GCC_PREFIX_HEADER = "IGFastImage/IGFastImage-Prefix.pch";
				INFOPLIST_FILE = "IGFastImage/IGFastImage-Info.plist";
				PRODUCT_NAME = "$(TARGET_NAME)";
				WRAPPER_EXTENSION = app;
			};
			name = Debug;
		};
		5439402A1737A32500917DAB /* Release */ = {
			isa = XCBuildConfiguration;
			baseConfigurationReference = 5C5E10047F0A3D4F27D15C49 /* Pods.release.xcconfig */;
			buildSettings = {
				GCC_PRECOMPILE_PREFIX_HEADER = YES;
				GCC_PREFIX_HEADER = "IGFastImage/IGFastImage-Prefix.pch";
				INFOPLIST_FILE = "IGFastImage/IGFastImage-Info.plist";
				PRODUCT_NAME = "$(TARGET_NAME)";
				WRAPPER_EXTENSION = app;
			};
			name = Release;
		};
		54D902FB1AB02E9A005BA2ED /* Debug */ = {
			isa = XCBuildConfiguration;
			baseConfigurationReference = 5DE33EA026C248F148D522D5 /* Pods-IGFastImageTests.debug.xcconfig */;
			buildSettings = {
				BUNDLE_LOADER = "$(TEST_HOST)";
				CLANG_ENABLE_MODULES = YES;
				CLANG_WARN_BOOL_CONVERSION = YES;
				CLANG_WARN_DIRECT_OBJC_ISA_USAGE = YES_ERROR;
				CLANG_WARN_OBJC_ROOT_CLASS = YES_ERROR;
				CLANG_WARN_UNREACHABLE_CODE = YES;
				ENABLE_STRICT_OBJC_MSGSEND = YES;
				FRAMEWORK_SEARCH_PATHS = (
					"$(SDKROOT)/Developer/Library/Frameworks",
					"$(inherited)",
				);
				GCC_PREPROCESSOR_DEFINITIONS = (
					"DEBUG=1",
					"$(inherited)",
				);
				GCC_WARN_64_TO_32_BIT_CONVERSION = YES;
				GCC_WARN_ABOUT_RETURN_TYPE = YES_ERROR;
				GCC_WARN_UNDECLARED_SELECTOR = YES;
				GCC_WARN_UNINITIALIZED_AUTOS = YES_AGGRESSIVE;
				GCC_WARN_UNUSED_FUNCTION = YES;
				INFOPLIST_FILE = IGFastImageTests/Info.plist;
				IPHONEOS_DEPLOYMENT_TARGET = 8.1;
				LD_RUNPATH_SEARCH_PATHS = "$(inherited) @executable_path/Frameworks @loader_path/Frameworks";
				MTL_ENABLE_DEBUG_INFO = YES;
				PRODUCT_NAME = "$(TARGET_NAME)";
				TEST_HOST = "$(BUILT_PRODUCTS_DIR)/IGFastImage.app/IGFastImage";
			};
			name = Debug;
		};
		54D902FC1AB02E9A005BA2ED /* Release */ = {
			isa = XCBuildConfiguration;
			baseConfigurationReference = D5EC1E8AE592829096BD4413 /* Pods-IGFastImageTests.release.xcconfig */;
			buildSettings = {
				BUNDLE_LOADER = "$(TEST_HOST)";
				CLANG_ENABLE_MODULES = YES;
				CLANG_WARN_BOOL_CONVERSION = YES;
				CLANG_WARN_DIRECT_OBJC_ISA_USAGE = YES_ERROR;
				CLANG_WARN_OBJC_ROOT_CLASS = YES_ERROR;
				CLANG_WARN_UNREACHABLE_CODE = YES;
				ENABLE_NS_ASSERTIONS = NO;
				ENABLE_STRICT_OBJC_MSGSEND = YES;
				FRAMEWORK_SEARCH_PATHS = (
					"$(SDKROOT)/Developer/Library/Frameworks",
					"$(inherited)",
				);
				GCC_WARN_64_TO_32_BIT_CONVERSION = YES;
				GCC_WARN_ABOUT_RETURN_TYPE = YES_ERROR;
				GCC_WARN_UNDECLARED_SELECTOR = YES;
				GCC_WARN_UNINITIALIZED_AUTOS = YES_AGGRESSIVE;
				GCC_WARN_UNUSED_FUNCTION = YES;
				INFOPLIST_FILE = IGFastImageTests/Info.plist;
				IPHONEOS_DEPLOYMENT_TARGET = 8.1;
				LD_RUNPATH_SEARCH_PATHS = "$(inherited) @executable_path/Frameworks @loader_path/Frameworks";
				MTL_ENABLE_DEBUG_INFO = NO;
				PRODUCT_NAME = "$(TARGET_NAME)";
				TEST_HOST = "$(BUILT_PRODUCTS_DIR)/IGFastImage.app/IGFastImage";
			};
			name = Release;
		};
/* End XCBuildConfiguration section */

/* Begin XCConfigurationList section */
		54393FF11737A32300917DAB /* Build configuration list for PBXProject "IGFastImage" */ = {
			isa = XCConfigurationList;
			buildConfigurations = (
				543940261737A32500917DAB /* Debug */,
				543940271737A32500917DAB /* Release */,
			);
			defaultConfigurationIsVisible = 0;
			defaultConfigurationName = Release;
		};
		543940281737A32500917DAB /* Build configuration list for PBXNativeTarget "IGFastImage" */ = {
			isa = XCConfigurationList;
			buildConfigurations = (
				543940291737A32500917DAB /* Debug */,
				5439402A1737A32500917DAB /* Release */,
			);
			defaultConfigurationIsVisible = 0;
			defaultConfigurationName = Release;
		};
		54D902FA1AB02E9A005BA2ED /* Build configuration list for PBXNativeTarget "IGFastImageTests" */ = {
			isa = XCConfigurationList;
			buildConfigurations = (
				54D902FB1AB02E9A005BA2ED /* Debug */,
				54D902FC1AB02E9A005BA2ED /* Release */,
			);
			defaultConfigurationIsVisible = 0;
			defaultConfigurationName = Release;
		};
/* End XCConfigurationList section */
	};
	rootObject = 54393FEE1737A32300917DAB /* Project object */;
}
